# This file is autogenerated, do not edit; changes may be undone by the next 'dep ensure'.


[[projects]]
  name = "github.com/gorilla/context"
  packages = ["."]
  revision = "1ea25387ff6f684839d82767c1733ff4d4d15d0a"
  version = "v1.1"

[[projects]]
  branch = "master"
  name = "github.com/gorilla/handlers"
  packages = ["."]
  revision = "a4d79d4487c2430a17d9dc8a1f74d1a6ed6908ca"
  source = "github.com/gorilla/handlers"

[[projects]]
  branch = "master"
  name = "github.com/gorilla/mux"
  packages = ["."]
  revision = "7625a85c14e615274a4ee4bc8654f72310a563e4"
  source = "github.com/gorilla/mux"

[[projects]]
  name = "github.com/pkg/errors"
  packages = ["."]
  revision = "645ef00459ed84a119197bfb8d8205042c6df63d"
  version = "v0.8.0"

[[projects]]
  branch = "master"
  name = "golang.org/x/text"
  packages = ["internal/gen","internal/tag","language","unicode/cldr"]
  revision = "6eab0e8f74e86c598ec3b6fad4888e0c11482d48"
  source = "golang.org/x/text/language"

[[projects]]
  name = "gopkg.in/olivere/elastic.v5"
  packages = [".","config","uritemplates"]
  revision = "3f891f0d04aba0bba9a8bd365a9d3846efcb3527"
  source = "gopkg.in/olivere/elastic.v5"
  version = "v5.0.52"

[solve-meta]
  analyzer-name = "dep"
  analyzer-version = 1
  inputs-digest = "7338e8e481211c04136234f68c7dc19e8c324a406c4f8c5f634b0fdcb5bec6d0"
  solver-name = "gps-cdcl"
  solver-version = 1
